// !$*UTF8*$!
{
	archiveVersion = 1;
	classes = {
	};
	objectVersion = 56;
	objects = {

/* Begin PBXBuildFile section */
		E1FBDBEB2D1DA50F006A5214 /* x2bApp.swift in Sources */ = {isa = PBXBuildFile; fileRef = E1FBDBEA2D1DA50F006A5214 /* x2bApp.swift */; };
		E1FBDBED2D1DA50F006A5214 /* ContentView.swift in Sources */ = {isa = PBXBuildFile; fileRef = E1FBDBEC2D1DA50F006A5214 /* ContentView.swift */; };
		E1FBDBEF2D1DA511006A5214 /* Assets.xcassets in Resources */ = {isa = PBXBuildFile; fileRef = E1FBDBEE2D1DA511006A5214 /* Assets.xcassets */; };
		E1FBDBF22D1DA511006A5214 /* Preview Assets.xcassets in Resources */ = {isa = PBXBuildFile; fileRef = E1FBDBF12D1DA511006A5214 /* Preview Assets.xcassets */; };
		E1FBDBFC2D1DA512006A5214 /* x2bTests.swift in Sources */ = {isa = PBXBuildFile; fileRef = E1FBDBFB2D1DA512006A5214 /* x2bTests.swift */; };
		E1FBDC062D1DA512006A5214 /* x2bUITests.swift in Sources */ = {isa = PBXBuildFile; fileRef = E1FBDC052D1DA512006A5214 /* x2bUITests.swift */; };
		E1FBDC082D1DA512006A5214 /* x2bUITestsLaunchTests.swift in Sources */ = {isa = PBXBuildFile; fileRef = E1FBDC072D1DA512006A5214 /* x2bUITestsLaunchTests.swift */; };
		5E0C635FCED6EB6531B7E1E7 /* Connection.swift in Sources */ = {isa = PBXBuildFile; fileRef = 2B286566E806B62CC738A309 /* Connection.swift */; };
		CD26D23AF34F0B223E9D2A41 /* ConnectionStore.swift in Sources */ = {isa = PBXBuildFile; fileRef = 90643FA63772C8AE6AE4C7FD /* ConnectionStore.swift */; };
		EAA3D90CF104D5742F6F9A51 /* URLNormalizer.swift in Sources */ = {isa = PBXBuildFile; fileRef = 3883269AF266ADC10EA22957 /* URLNormalizer.swift */; };
		083346B7221BD1358F4F98B7 /* AppConfigService.swift in Sources */ = {isa = PBXBuildFile; fileRef = D4BAC9D6B664BBC83C999E50 /* AppConfigService.swift */; };
		0CBD49345A0FD0808FCCC03B /* PushTokenService.swift in Sources */ = {isa = PBXBuildFile; fileRef = 085B83F5E4397F7E133101DF /* PushTokenService.swift */; };
		4F1ABC832D841CFC2CF1B677 /* X2BWebView.swift in Sources */ = {isa = PBXBuildFile; fileRef = B7B818EEF8218EC810D195DC /* X2BWebView.swift */; };
		0F35572103235E6ABEA2993A /* MainView.swift in Sources */ = {isa = PBXBuildFile; fileRef = CF50778545E793F54A98F3B5 /* MainView.swift */; };
		38DEDCC25DDE26BB34E68654 /* SettingsView.swift in Sources */ = {isa = PBXBuildFile; fileRef = D530721C439C901B5F5175E4 /* SettingsView.swift */; };
		D4C80D414AAE76DA3AE622FF /* ConnectionEditView.swift in Sources */ = {isa = PBXBuildFile; fileRef = E21DFE11A26DC8DA6F5DF68A /* ConnectionEditView.swift */; };
		8A74CAFE6C3928641189959B /* ForcedUpdateView.swift in Sources */ = {isa = PBXBuildFile; fileRef = E6B42CEEED3320871687BB91 /* ForcedUpdateView.swift */; };
		A613722E2B23728415BCF87D /* PushManager.swift in Sources */ = {isa = PBXBuildFile; fileRef = 104FFF5CB7647F0877835C27 /* PushManager.swift */; };
		72CEA7D2D463C39DBC440532 /* AppDelegate.swift in Sources */ = {isa = PBXBuildFile; fileRef = AE87F4105732833370EF0913 /* AppDelegate.swift */; };
		0366A97494144E9473F90A13 /* DeviceIdentity.swift in Sources */ = {isa = PBXBuildFile; fileRef = 214D78EA76AB5D2BD15D7445 /* DeviceIdentity.swift */; };
		08AE6ED754FE893146DB87B3 /* ThreeFingerTapObserver.swift in Sources */ = {isa = PBXBuildFile; fileRef = 7A07D0EC3FE8EDC5D9D1BCA7 /* ThreeFingerTapObserver.swift */; };
		F9C9BDE49CD4D4CF7534C79E /* Color+Hex.swift in Sources */ = {isa = PBXBuildFile; fileRef = 7948A7C1F7828607A5AB4A5B /* Color+Hex.swift */; };
		DA314368076ADE9EABCF148C /* AppVersionChecker.swift in Sources */ = {isa = PBXBuildFile; fileRef = 133835BFA3E1063A9DB9ED32 /* AppVersionChecker.swift */; };
		0E2D3EA1D5FF3E6FB4E34059 /* UIApplication+SafeArea.swift in Sources */ = {isa = PBXBuildFile; fileRef = 119F2328F6B8044B79A79608 /* UIApplication+SafeArea.swift */; };
		DFFE8BFEAB51D1F0AB0ACA78 /* CarPlayEntityStore.swift in Sources */ = {isa = PBXBuildFile; fileRef = AC58BD7CD2A95AA469997D6E /* CarPlayEntityStore.swift */; };
		27EB7E76A3BA6FC13C04CD68 /* CarPlayPreviewView.swift in Sources */ = {isa = PBXBuildFile; fileRef = CA72FDAC4E1C2DE701596920 /* CarPlayPreviewView.swift */; };
		6D49DFB8BEA3A4004C4D5558 /* CarPlaySceneDelegate.swift in Sources */ = {isa = PBXBuildFile; fileRef = C26D999A91B9EE793B3C3EFB /* CarPlaySceneDelegate.swift */; };
		96FB36CFF6B3CDAFF64E8063 /* X2BControl.swift in Sources */ = {isa = PBXBuildFile; fileRef = A6E8E24AA13A95457CD943EA /* X2BControl.swift */; };
		B5245823590250441F5E6577 /* X2BWSSMessage.swift in Sources */ = {isa = PBXBuildFile; fileRef = FF2908FD187EBE73991B6230 /* X2BWSSMessage.swift */; };
		E9CFFBD29A44A612E73DE3EC /* WebViewCookies.swift in Sources */ = {isa = PBXBuildFile; fileRef = 82C50DC2C239015C43F77486 /* WebViewCookies.swift */; };
		76EFF4641E7D6D98C2FDEBA7 /* X2BWebSocketClient.swift in Sources */ = {isa = PBXBuildFile; fileRef = 7105950BAB6A71CC9228254A /* X2BWebSocketClient.swift */; };
		D1AA9670AC645A4EEEC8352A /* CarPlaySlot.swift in Sources */ = {isa = PBXBuildFile; fileRef = 4E3780DE09634D6A8E2D0FA9 /* CarPlaySlot.swift */; };
		771E3A1C875A21B212F0D1D8 /* CarPlaySlotsAssignmentView.swift in Sources */ = {isa = PBXBuildFile; fileRef = 0764CCBA76A2E6564DF15941 /* CarPlaySlotsAssignmentView.swift */; };
		4AB7809774805FE2B6A56312 /* PhoneWatchConnector.swift in Sources */ = {isa = PBXBuildFile; fileRef = BDE636DD9A120346F770BA4D /* PhoneWatchConnector.swift */; };
		E33307FDA68114E1E5ECF602 /* WatchSlotState.swift in Sources */ = {isa = PBXBuildFile; fileRef = CDA3AB166078FFA70DDE1DF9 /* WatchSlotState.swift */; };
		D26A5E0156770AE1946B3871 /* WatchSlotsAssignmentView.swift in Sources */ = {isa = PBXBuildFile; fileRef = 0FB839D44C0A4E3F41165DB1 /* WatchSlotsAssignmentView.swift */; };
		2760FECA9BB3AF06B5544168 /* WatchSlotState.swift in Sources */ = {isa = PBXBuildFile; fileRef = CDA3AB166078FFA70DDE1DF9 /* WatchSlotState.swift */; };
		2BF991C2044C4AE70E189F8A /* X2BWatchApp.swift in Sources */ = {isa = PBXBuildFile; fileRef = 61AF223973F4D19E660FEC64 /* X2BWatchApp.swift */; };
		4652E35A478363BB208880C0 /* WatchContentView.swift in Sources */ = {isa = PBXBuildFile; fileRef = 8E114AEA0078D89830E8ECE9 /* WatchContentView.swift */; };
		300B805A64B8A2BCDFF407BA /* WatchConnector.swift in Sources */ = {isa = PBXBuildFile; fileRef = 16BA9492B0F7B34BCC70EB24 /* WatchConnector.swift */; };
		25ED7395C1F6A0E4B5621DA6 /* X2B Watch App.app in Embed Watch Content */ = {isa = PBXBuildFile; fileRef = E17446EC37C94AD9605DA7DA /* X2B Watch App.app */; settings = {ATTRIBUTES = (RemoveHeaderOnCopy, ); }; };
		324B854A841163AFCDB59C63 /* LocationSwitchManager.swift in Sources */ = {isa = PBXBuildFile; fileRef = 2B91DFED69656A44830FCB5A /* LocationSwitchManager.swift */; };
		5AD2320E593EAF5A0A31C506 /* ConnectionLocationView.swift in Sources */ = {isa = PBXBuildFile; fileRef = CD7338C04F3153E9DC0849F3 /* ConnectionLocationView.swift */; };
		9ED6F2263197E32184F93544 /* BoxSettingsView.swift in Sources */ = {isa = PBXBuildFile; fileRef = A63C199CCB64D3744A72F214 /* BoxSettingsView.swift */; };
		637EBA1B469B6A966632802E /* DebugLog.swift in Sources */ = {isa = PBXBuildFile; fileRef = 2D11BEE5E9F1C145EB1F8EF8 /* DebugLog.swift */; };
		1529F8CEB462FD98BD105E18 /* WidgetShared.swift in Sources */ = {isa = PBXBuildFile; fileRef = A54B46F832A51083F725D868 /* WidgetShared.swift */; };
		2EA8031D521765FF22DBF2A9 /* WidgetShared.swift in Sources */ = {isa = PBXBuildFile; fileRef = A54B46F832A51083F725D868 /* WidgetShared.swift */; };
		E8353C69A0304F5DA0E8279A /* WidgetBridge.swift in Sources */ = {isa = PBXBuildFile; fileRef = 526A339020917E1BB3049CB8 /* WidgetBridge.swift */; };
		08909A3E88432BE172886EDA /* X2BWidgetBundle.swift in Sources */ = {isa = PBXBuildFile; fileRef = E40A0420B3FDAC64A73F666E /* X2BWidgetBundle.swift */; };
		76F9B470529E8A8F79B6E9DE /* X2BWidget.swift in Sources */ = {isa = PBXBuildFile; fileRef = 1257D07A9EB4A47069794AE3 /* X2BWidget.swift */; };
		DEC0EE79404B20C0A00E3E47 /* ToggleControlIntent.swift in Sources */ = {isa = PBXBuildFile; fileRef = 6292A784C2495BF8612A8259 /* ToggleControlIntent.swift */; };
		7408EB22376C376B6718D8D5 /* X2BControl.swift in Sources */ = {isa = PBXBuildFile; fileRef = A6E8E24AA13A95457CD943EA /* X2BControl.swift */; };
		BDAF2B346CB4846B4180A04E /* CarPlaySlot.swift in Sources */ = {isa = PBXBuildFile; fileRef = 4E3780DE09634D6A8E2D0FA9 /* CarPlaySlot.swift */; };
		C2C61D6A76B996E420924716 /* X2BWSSMessage.swift in Sources */ = {isa = PBXBuildFile; fileRef = FF2908FD187EBE73991B6230 /* X2BWSSMessage.swift */; };
		3E0B1A06306307D2D228365D /* X2BWebSocketClient.swift in Sources */ = {isa = PBXBuildFile; fileRef = 7105950BAB6A71CC9228254A /* X2BWebSocketClient.swift */; };
		F97F667084030090A92AF429 /* WebViewCookies.swift in Sources */ = {isa = PBXBuildFile; fileRef = 82C50DC2C239015C43F77486 /* WebViewCookies.swift */; };
		F50A850C5B57D5663E1B47DC /* X2BWidgetExtension.appex in Embed Foundation Extensions */ = {isa = PBXBuildFile; fileRef = CAE6B93D956BD8E0E9573878 /* X2BWidgetExtension.appex */; settings = {ATTRIBUTES = (RemoveHeaderOnCopy, ); }; };
/* End PBXBuildFile section */

/* Begin PBXContainerItemProxy section */
		E1FBDBF82D1DA512006A5214 /* PBXContainerItemProxy */ = {
			isa = PBXContainerItemProxy;
			containerPortal = E1FBDBDF2D1DA50F006A5214 /* Project object */;
			proxyType = 1;
			remoteGlobalIDString = E1FBDBE62D1DA50F006A5214;
			remoteInfo = x2b;
		};
		E1FBDC022D1DA512006A5214 /* PBXContainerItemProxy */ = {
			isa = PBXContainerItemProxy;
			containerPortal = E1FBDBDF2D1DA50F006A5214 /* Project object */;
			proxyType = 1;
			remoteGlobalIDString = E1FBDBE62D1DA50F006A5214;
			remoteInfo = x2b;
		};
		BA2005BD2C710A740B3CF1E8 /* PBXContainerItemProxy */ = {
			isa = PBXContainerItemProxy;
			containerPortal = E1FBDBDF2D1DA50F006A5214 /* Project object */;
			proxyType = 1;
			remoteGlobalIDString = 83BE656FEBBEDF53F98C1151;
			remoteInfo = "X2B Watch App";
		};
		7DCD33D6E28B79AC019693F6 /* PBXContainerItemProxy */ = {
			isa = PBXContainerItemProxy;
			containerPortal = E1FBDBDF2D1DA50F006A5214 /* Project object */;
			proxyType = 1;
			remoteGlobalIDString = D6A0520B552A0A8E1453612C;
			remoteInfo = X2BWidgetExtension;
		};
/* End PBXContainerItemProxy section */

/* Begin PBXCopyFilesBuildPhase section */
		7E2229FCFB9E4096D4ED718C /* Embed Watch Content */ = {
			isa = PBXCopyFilesBuildPhase;
			buildActionMask = 2147483647;
			dstPath = "$(CONTENTS_FOLDER_PATH)/Watch";
			dstSubfolderSpec = 16;
			files = (
				25ED7395C1F6A0E4B5621DA6 /* X2B Watch App.app in Embed Watch Content */,
			);
			name = "Embed Watch Content";
			runOnlyForDeploymentPostprocessing = 0;
		};
		3563E45B5653390E978AE176 /* Embed Foundation Extensions */ = {
			isa = PBXCopyFilesBuildPhase;
			buildActionMask = 2147483647;
			dstPath = "";
			dstSubfolderSpec = 13;
			files = (
				F50A850C5B57D5663E1B47DC /* X2BWidgetExtension.appex in Embed Foundation Extensions */,
			);
			name = "Embed Foundation Extensions";
			runOnlyForDeploymentPostprocessing = 0;
		};
/* End PBXCopyFilesBuildPhase section */

/* Begin PBXFileReference section */
		E1FBDBE72D1DA50F006A5214 /* x2b.app */ = {isa = PBXFileReference; explicitFileType = wrapper.application; includeInIndex = 0; path = x2b.app; sourceTree = BUILT_PRODUCTS_DIR; };
		E1FBDBEA2D1DA50F006A5214 /* x2bApp.swift */ = {isa = PBXFileReference; lastKnownFileType = sourcecode.swift; path = x2bApp.swift; sourceTree = "<group>"; };
		E1FBDBEC2D1DA50F006A5214 /* ContentView.swift */ = {isa = PBXFileReference; lastKnownFileType = sourcecode.swift; path = ContentView.swift; sourceTree = "<group>"; };
		E1FBDBEE2D1DA511006A5214 /* Assets.xcassets */ = {isa = PBXFileReference; lastKnownFileType = folder.assetcatalog; path = Assets.xcassets; sourceTree = "<group>"; };
		E1FBDBF12D1DA511006A5214 /* Preview Assets.xcassets */ = {isa = PBXFileReference; lastKnownFileType = folder.assetcatalog; path = "Preview Assets.xcassets"; sourceTree = "<group>"; };
		E1FBDBF72D1DA512006A5214 /* x2bTests.xctest */ = {isa = PBXFileReference; explicitFileType = wrapper.cfbundle; includeInIndex = 0; path = x2bTests.xctest; sourceTree = BUILT_PRODUCTS_DIR; };
		E1FBDBFB2D1DA512006A5214 /* x2bTests.swift */ = {isa = PBXFileReference; lastKnownFileType = sourcecode.swift; path = x2bTests.swift; sourceTree = "<group>"; };
		E1FBDC012D1DA512006A5214 /* x2bUITests.xctest */ = {isa = PBXFileReference; explicitFileType = wrapper.cfbundle; includeInIndex = 0; path = x2bUITests.xctest; sourceTree = BUILT_PRODUCTS_DIR; };
		E1FBDC052D1DA512006A5214 /* x2bUITests.swift */ = {isa = PBXFileReference; lastKnownFileType = sourcecode.swift; path = x2bUITests.swift; sourceTree = "<group>"; };
		E1FBDC072D1DA512006A5214 /* x2bUITestsLaunchTests.swift */ = {isa = PBXFileReference; lastKnownFileType = sourcecode.swift; path = x2bUITestsLaunchTests.swift; sourceTree = "<group>"; };
		2B286566E806B62CC738A309 /* Connection.swift */ = {isa = PBXFileReference; lastKnownFileType = sourcecode.swift; path = Connection.swift; sourceTree = "<group>"; };
		90643FA63772C8AE6AE4C7FD /* ConnectionStore.swift */ = {isa = PBXFileReference; lastKnownFileType = sourcecode.swift; path = ConnectionStore.swift; sourceTree = "<group>"; };
		3883269AF266ADC10EA22957 /* URLNormalizer.swift */ = {isa = PBXFileReference; lastKnownFileType = sourcecode.swift; path = URLNormalizer.swift; sourceTree = "<group>"; };
		D4BAC9D6B664BBC83C999E50 /* AppConfigService.swift */ = {isa = PBXFileReference; lastKnownFileType = sourcecode.swift; path = AppConfigService.swift; sourceTree = "<group>"; };
		085B83F5E4397F7E133101DF /* PushTokenService.swift */ = {isa = PBXFileReference; lastKnownFileType = sourcecode.swift; path = PushTokenService.swift; sourceTree = "<group>"; };
		B7B818EEF8218EC810D195DC /* X2BWebView.swift */ = {isa = PBXFileReference; lastKnownFileType = sourcecode.swift; path = X2BWebView.swift; sourceTree = "<group>"; };
		CF50778545E793F54A98F3B5 /* MainView.swift */ = {isa = PBXFileReference; lastKnownFileType = sourcecode.swift; path = MainView.swift; sourceTree = "<group>"; };
		D530721C439C901B5F5175E4 /* SettingsView.swift */ = {isa = PBXFileReference; lastKnownFileType = sourcecode.swift; path = SettingsView.swift; sourceTree = "<group>"; };
		E21DFE11A26DC8DA6F5DF68A /* ConnectionEditView.swift */ = {isa = PBXFileReference; lastKnownFileType = sourcecode.swift; path = ConnectionEditView.swift; sourceTree = "<group>"; };
		E6B42CEEED3320871687BB91 /* ForcedUpdateView.swift */ = {isa = PBXFileReference; lastKnownFileType = sourcecode.swift; path = ForcedUpdateView.swift; sourceTree = "<group>"; };
		104FFF5CB7647F0877835C27 /* PushManager.swift */ = {isa = PBXFileReference; lastKnownFileType = sourcecode.swift; path = PushManager.swift; sourceTree = "<group>"; };
		AE87F4105732833370EF0913 /* AppDelegate.swift */ = {isa = PBXFileReference; lastKnownFileType = sourcecode.swift; path = AppDelegate.swift; sourceTree = "<group>"; };
		214D78EA76AB5D2BD15D7445 /* DeviceIdentity.swift */ = {isa = PBXFileReference; lastKnownFileType = sourcecode.swift; path = DeviceIdentity.swift; sourceTree = "<group>"; };
		7A07D0EC3FE8EDC5D9D1BCA7 /* ThreeFingerTapObserver.swift */ = {isa = PBXFileReference; lastKnownFileType = sourcecode.swift; path = ThreeFingerTapObserver.swift; sourceTree = "<group>"; };
		7948A7C1F7828607A5AB4A5B /* Color+Hex.swift */ = {isa = PBXFileReference; lastKnownFileType = sourcecode.swift; path = "Color+Hex.swift"; sourceTree = "<group>"; };
		133835BFA3E1063A9DB9ED32 /* AppVersionChecker.swift */ = {isa = PBXFileReference; lastKnownFileType = sourcecode.swift; path = AppVersionChecker.swift; sourceTree = "<group>"; };
		C74EB409EE209E51E0BCE334 /* Info.plist */ = {isa = PBXFileReference; lastKnownFileType = text.plist.xml; path = Info.plist; sourceTree = "<group>"; };
		424DDAAD41028EE1C3E663A4 /* x2b.entitlements */ = {isa = PBXFileReference; lastKnownFileType = text.plist.entitlements; path = x2b.entitlements; sourceTree = "<group>"; };
		119F2328F6B8044B79A79608 /* UIApplication+SafeArea.swift */ = {isa = PBXFileReference; lastKnownFileType = sourcecode.swift; path = "UIApplication+SafeArea.swift"; sourceTree = "<group>"; };
		AC58BD7CD2A95AA469997D6E /* CarPlayEntityStore.swift */ = {isa = PBXFileReference; lastKnownFileType = sourcecode.swift; path = CarPlayEntityStore.swift; sourceTree = "<group>"; };
		CA72FDAC4E1C2DE701596920 /* CarPlayPreviewView.swift */ = {isa = PBXFileReference; lastKnownFileType = sourcecode.swift; path = CarPlayPreviewView.swift; sourceTree = "<group>"; };
		C26D999A91B9EE793B3C3EFB /* CarPlaySceneDelegate.swift */ = {isa = PBXFileReference; lastKnownFileType = sourcecode.swift; path = CarPlaySceneDelegate.swift; sourceTree = "<group>"; };
		A6E8E24AA13A95457CD943EA /* X2BControl.swift */ = {isa = PBXFileReference; lastKnownFileType = sourcecode.swift; path = X2BControl.swift; sourceTree = "<group>"; };
		FF2908FD187EBE73991B6230 /* X2BWSSMessage.swift */ = {isa = PBXFileReference; lastKnownFileType = sourcecode.swift; path = X2BWSSMessage.swift; sourceTree = "<group>"; };
		82C50DC2C239015C43F77486 /* WebViewCookies.swift */ = {isa = PBXFileReference; lastKnownFileType = sourcecode.swift; path = WebViewCookies.swift; sourceTree = "<group>"; };
		7105950BAB6A71CC9228254A /* X2BWebSocketClient.swift */ = {isa = PBXFileReference; lastKnownFileType = sourcecode.swift; path = X2BWebSocketClient.swift; sourceTree = "<group>"; };
		4E3780DE09634D6A8E2D0FA9 /* CarPlaySlot.swift */ = {isa = PBXFileReference; lastKnownFileType = sourcecode.swift; path = CarPlaySlot.swift; sourceTree = "<group>"; };
		0764CCBA76A2E6564DF15941 /* CarPlaySlotsAssignmentView.swift */ = {isa = PBXFileReference; lastKnownFileType = sourcecode.swift; path = CarPlaySlotsAssignmentView.swift; sourceTree = "<group>"; };
		BDE636DD9A120346F770BA4D /* PhoneWatchConnector.swift */ = {isa = PBXFileReference; lastKnownFileType = sourcecode.swift; path = PhoneWatchConnector.swift; sourceTree = "<group>"; };
		CDA3AB166078FFA70DDE1DF9 /* WatchSlotState.swift */ = {isa = PBXFileReference; lastKnownFileType = sourcecode.swift; path = WatchSlotState.swift; sourceTree = "<group>"; };
		0FB839D44C0A4E3F41165DB1 /* WatchSlotsAssignmentView.swift */ = {isa = PBXFileReference; lastKnownFileType = sourcecode.swift; path = WatchSlotsAssignmentView.swift; sourceTree = "<group>"; };
		E17446EC37C94AD9605DA7DA /* X2B Watch App.app */ = {isa = PBXFileReference; explicitFileType = wrapper.application; includeInIndex = 0; path = "X2B Watch App.app"; sourceTree = BUILT_PRODUCTS_DIR; };
		61AF223973F4D19E660FEC64 /* X2BWatchApp.swift */ = {isa = PBXFileReference; lastKnownFileType = sourcecode.swift; path = X2BWatchApp.swift; sourceTree = "<group>"; };
		8E114AEA0078D89830E8ECE9 /* WatchContentView.swift */ = {isa = PBXFileReference; lastKnownFileType = sourcecode.swift; path = WatchContentView.swift; sourceTree = "<group>"; };
		16BA9492B0F7B34BCC70EB24 /* WatchConnector.swift */ = {isa = PBXFileReference; lastKnownFileType = sourcecode.swift; path = WatchConnector.swift; sourceTree = "<group>"; };
		320EA4B7FAE4FC19D85A4A93 /* Info.plist */ = {isa = PBXFileReference; lastKnownFileType = text.plist.xml; path = Info.plist; sourceTree = "<group>"; };
		2B91DFED69656A44830FCB5A /* LocationSwitchManager.swift */ = {isa = PBXFileReference; lastKnownFileType = sourcecode.swift; path = LocationSwitchManager.swift; sourceTree = "<group>"; };
		CD7338C04F3153E9DC0849F3 /* ConnectionLocationView.swift */ = {isa = PBXFileReference; lastKnownFileType = sourcecode.swift; path = ConnectionLocationView.swift; sourceTree = "<group>"; };
		A63C199CCB64D3744A72F214 /* BoxSettingsView.swift */ = {isa = PBXFileReference; lastKnownFileType = sourcecode.swift; path = BoxSettingsView.swift; sourceTree = "<group>"; };
		2D11BEE5E9F1C145EB1F8EF8 /* DebugLog.swift */ = {isa = PBXFileReference; lastKnownFileType = sourcecode.swift; path = DebugLog.swift; sourceTree = "<group>"; };
		A54B46F832A51083F725D868 /* WidgetShared.swift */ = {isa = PBXFileReference; lastKnownFileType = sourcecode.swift; path = WidgetShared.swift; sourceTree = "<group>"; };
		526A339020917E1BB3049CB8 /* WidgetBridge.swift */ = {isa = PBXFileReference; lastKnownFileType = sourcecode.swift; path = WidgetBridge.swift; sourceTree = "<group>"; };
		CAE6B93D956BD8E0E9573878 /* X2BWidgetExtension.appex */ = {isa = PBXFileReference; explicitFileType = "wrapper.app-extension"; includeInIndex = 0; path = X2BWidgetExtension.appex; sourceTree = BUILT_PRODUCTS_DIR; };
		E40A0420B3FDAC64A73F666E /* X2BWidgetBundle.swift */ = {isa = PBXFileReference; lastKnownFileType = sourcecode.swift; path = X2BWidgetBundle.swift; sourceTree = "<group>"; };
		1257D07A9EB4A47069794AE3 /* X2BWidget.swift */ = {isa = PBXFileReference; lastKnownFileType = sourcecode.swift; path = X2BWidget.swift; sourceTree = "<group>"; };
		6292A784C2495BF8612A8259 /* ToggleControlIntent.swift */ = {isa = PBXFileReference; lastKnownFileType = sourcecode.swift; path = ToggleControlIntent.swift; sourceTree = "<group>"; };
		3734CE8F2D7ABF6EB15AE159 /* Info.plist */ = {isa = PBXFileReference; lastKnownFileType = text.plist.xml; path = Info.plist; sourceTree = "<group>"; };
		42F5621CEB6A2D965D30EFE0 /* X2BWidget.entitlements */ = {isa = PBXFileReference; lastKnownFileType = text.plist.entitlements; path = X2BWidget.entitlements; sourceTree = "<group>"; };
/* End PBXFileReference section */

/* Begin PBXFrameworksBuildPhase section */
		E1FBDBE42D1DA50F006A5214 /* Frameworks */ = {
			isa = PBXFrameworksBuildPhase;
			buildActionMask = 2147483647;
			files = (
			);
			runOnlyForDeploymentPostprocessing = 0;
		};
		E1FBDBF42D1DA512006A5214 /* Frameworks */ = {
			isa = PBXFrameworksBuildPhase;
			buildActionMask = 2147483647;
			files = (
			);
			runOnlyForDeploymentPostprocessing = 0;
		};
		E1FBDBFE2D1DA512006A5214 /* Frameworks */ = {
			isa = PBXFrameworksBuildPhase;
			buildActionMask = 2147483647;
			files = (
			);
			runOnlyForDeploymentPostprocessing = 0;
		};
		4C93DD36AF9C9FB46C79F038 /* Frameworks */ = {
			isa = PBXFrameworksBuildPhase;
			buildActionMask = 2147483647;
			files = (
			);
			runOnlyForDeploymentPostprocessing = 0;
		};
		88A337ECD431844AA8413A90 /* Frameworks */ = {
			isa = PBXFrameworksBuildPhase;
			buildActionMask = 2147483647;
			files = (
			);
			runOnlyForDeploymentPostprocessing = 0;
		};
/* End PBXFrameworksBuildPhase section */

/* Begin PBXGroup section */
		E1FBDBDE2D1DA50F006A5214 = {
			isa = PBXGroup;
			children = (
				E1FBDBE92D1DA50F006A5214 /* x2b */,
				43B336D45D5E72E991D5D9D6 /* X2B Watch App */,
				5D6C4B7C39F17A2EB19F1EF9 /* X2BWidget */,
				E1FBDBFA2D1DA512006A5214 /* x2bTests */,
				E1FBDC042D1DA512006A5214 /* x2bUITests */,
				E1FBDBE82D1DA50F006A5214 /* Products */,
			);
			sourceTree = "<group>";
		};
		E1FBDBE82D1DA50F006A5214 /* Products */ = {
			isa = PBXGroup;
			children = (
				E1FBDBE72D1DA50F006A5214 /* x2b.app */,
				E1FBDBF72D1DA512006A5214 /* x2bTests.xctest */,
				E1FBDC012D1DA512006A5214 /* x2bUITests.xctest */,
				E17446EC37C94AD9605DA7DA /* X2B Watch App.app */,
				CAE6B93D956BD8E0E9573878 /* X2BWidgetExtension.appex */,
			);
			name = Products;
			sourceTree = "<group>";
		};
		5D6C4B7C39F17A2EB19F1EF9 /* X2BWidget */ = {
			isa = PBXGroup;
			children = (
				E40A0420B3FDAC64A73F666E /* X2BWidgetBundle.swift */,
				1257D07A9EB4A47069794AE3 /* X2BWidget.swift */,
				6292A784C2495BF8612A8259 /* ToggleControlIntent.swift */,
				3734CE8F2D7ABF6EB15AE159 /* Info.plist */,
				42F5621CEB6A2D965D30EFE0 /* X2BWidget.entitlements */,
			);
			path = X2BWidget;
			sourceTree = "<group>";
		};
		43B336D45D5E72E991D5D9D6 /* X2B Watch App */ = {
			isa = PBXGroup;
			children = (
				61AF223973F4D19E660FEC64 /* X2BWatchApp.swift */,
				8E114AEA0078D89830E8ECE9 /* WatchContentView.swift */,
				16BA9492B0F7B34BCC70EB24 /* WatchConnector.swift */,
				320EA4B7FAE4FC19D85A4A93 /* Info.plist */,
			);
			path = "X2B Watch App";
			sourceTree = "<group>";
		};
		3A41928281D7908528ABFBC5 /* Watch */ = {
			isa = PBXGroup;
			children = (
				BDE636DD9A120346F770BA4D /* PhoneWatchConnector.swift */,
				CDA3AB166078FFA70DDE1DF9 /* WatchSlotState.swift */,
			);
			path = Watch;
			sourceTree = "<group>";
		};
		035254D3FF4DE7EF52E9CC69 /* Location */ = {
			isa = PBXGroup;
			children = (
				2B91DFED69656A44830FCB5A /* LocationSwitchManager.swift */,
			);
			path = Location;
			sourceTree = "<group>";
		};
		1C366A6EC236AF78B3A46C2A /* Widget */ = {
			isa = PBXGroup;
			children = (
				A54B46F832A51083F725D868 /* WidgetShared.swift */,
				526A339020917E1BB3049CB8 /* WidgetBridge.swift */,
			);
			path = Widget;
			sourceTree = "<group>";
		};
		E1FBDBE92D1DA50F006A5214 /* x2b */ = {
			isa = PBXGroup;
			children = (
				E1FBDBEA2D1DA50F006A5214 /* x2bApp.swift */,
				E1FBDBEC2D1DA50F006A5214 /* ContentView.swift */,
				3DE3B2254F105EBB74DCF24B /* Models */,
				677161D272CC3DC084121019 /* Networking */,
				5A99B600525DCC683E360536 /* WebView */,
				785D6839D7E01C38A4CC5BDA /* Views */,
				A88EA087678031B466CF43E1 /* Push */,
				ACBCC6878EA61EF88A6EDD27 /* CarPlay */,
				3A41928281D7908528ABFBC5 /* Watch */,
				035254D3FF4DE7EF52E9CC69 /* Location */,
				1C366A6EC236AF78B3A46C2A /* Widget */,
				907524DF3587CFFFBFF17683 /* Support */,
				C74EB409EE209E51E0BCE334 /* Info.plist */,
				424DDAAD41028EE1C3E663A4 /* x2b.entitlements */,
				E1FBDBEE2D1DA511006A5214 /* Assets.xcassets */,
				E1FBDBF02D1DA511006A5214 /* Preview Content */,
			);
			path = x2b;
			sourceTree = "<group>";
		};
		3DE3B2254F105EBB74DCF24B /* Models */ = {
			isa = PBXGroup;
			children = (
				2B286566E806B62CC738A309 /* Connection.swift */,
				90643FA63772C8AE6AE4C7FD /* ConnectionStore.swift */,
				A6E8E24AA13A95457CD943EA /* X2BControl.swift */,
				4E3780DE09634D6A8E2D0FA9 /* CarPlaySlot.swift */,
			);
			path = Models;
			sourceTree = "<group>";
		};
		ACBCC6878EA61EF88A6EDD27 /* CarPlay */ = {
			isa = PBXGroup;
			children = (
				AC58BD7CD2A95AA469997D6E /* CarPlayEntityStore.swift */,
				CA72FDAC4E1C2DE701596920 /* CarPlayPreviewView.swift */,
				C26D999A91B9EE793B3C3EFB /* CarPlaySceneDelegate.swift */,
			);
			path = CarPlay;
			sourceTree = "<group>";
		};
		677161D272CC3DC084121019 /* Networking */ = {
			isa = PBXGroup;
			children = (
				3883269AF266ADC10EA22957 /* URLNormalizer.swift */,
				D4BAC9D6B664BBC83C999E50 /* AppConfigService.swift */,
				085B83F5E4397F7E133101DF /* PushTokenService.swift */,
				82C50DC2C239015C43F77486 /* WebViewCookies.swift */,
				FF2908FD187EBE73991B6230 /* X2BWSSMessage.swift */,
				7105950BAB6A71CC9228254A /* X2BWebSocketClient.swift */,
			);
			path = Networking;
			sourceTree = "<group>";
		};
		5A99B600525DCC683E360536 /* WebView */ = {
			isa = PBXGroup;
			children = (
				B7B818EEF8218EC810D195DC /* X2BWebView.swift */,
			);
			path = WebView;
			sourceTree = "<group>";
		};
		785D6839D7E01C38A4CC5BDA /* Views */ = {
			isa = PBXGroup;
			children = (
				CF50778545E793F54A98F3B5 /* MainView.swift */,
				D530721C439C901B5F5175E4 /* SettingsView.swift */,
				E21DFE11A26DC8DA6F5DF68A /* ConnectionEditView.swift */,
				E6B42CEEED3320871687BB91 /* ForcedUpdateView.swift */,
				0764CCBA76A2E6564DF15941 /* CarPlaySlotsAssignmentView.swift */,
				0FB839D44C0A4E3F41165DB1 /* WatchSlotsAssignmentView.swift */,
				CD7338C04F3153E9DC0849F3 /* ConnectionLocationView.swift */,
				A63C199CCB64D3744A72F214 /* BoxSettingsView.swift */,
			);
			path = Views;
			sourceTree = "<group>";
		};
		A88EA087678031B466CF43E1 /* Push */ = {
			isa = PBXGroup;
			children = (
				104FFF5CB7647F0877835C27 /* PushManager.swift */,
				AE87F4105732833370EF0913 /* AppDelegate.swift */,
			);
			path = Push;
			sourceTree = "<group>";
		};
		907524DF3587CFFFBFF17683 /* Support */ = {
			isa = PBXGroup;
			children = (
				214D78EA76AB5D2BD15D7445 /* DeviceIdentity.swift */,
				7A07D0EC3FE8EDC5D9D1BCA7 /* ThreeFingerTapObserver.swift */,
				7948A7C1F7828607A5AB4A5B /* Color+Hex.swift */,
				133835BFA3E1063A9DB9ED32 /* AppVersionChecker.swift */,
				119F2328F6B8044B79A79608 /* UIApplication+SafeArea.swift */,
				2D11BEE5E9F1C145EB1F8EF8 /* DebugLog.swift */,
			);
			path = Support;
			sourceTree = "<group>";
		};
		E1FBDBF02D1DA511006A5214 /* Preview Content */ = {
			isa = PBXGroup;
			children = (
				E1FBDBF12D1DA511006A5214 /* Preview Assets.xcassets */,
			);
			path = "Preview Content";
			sourceTree = "<group>";
		};
		E1FBDBFA2D1DA512006A5214 /* x2bTests */ = {
			isa = PBXGroup;
			children = (
				E1FBDBFB2D1DA512006A5214 /* x2bTests.swift */,
			);
			path = x2bTests;
			sourceTree = "<group>";
		};
		E1FBDC042D1DA512006A5214 /* x2bUITests */ = {
			isa = PBXGroup;
			children = (
				E1FBDC052D1DA512006A5214 /* x2bUITests.swift */,
				E1FBDC072D1DA512006A5214 /* x2bUITestsLaunchTests.swift */,
			);
			path = x2bUITests;
			sourceTree = "<group>";
		};
/* End PBXGroup section */

/* Begin PBXNativeTarget section */
		E1FBDBE62D1DA50F006A5214 /* x2b */ = {
			isa = PBXNativeTarget;
			buildConfigurationList = E1FBDC0B2D1DA512006A5214 /* Build configuration list for PBXNativeTarget "x2b" */;
			buildPhases = (
				E1FBDBE32D1DA50F006A5214 /* Sources */,
				E1FBDBE42D1DA50F006A5214 /* Frameworks */,
				E1FBDBE52D1DA50F006A5214 /* Resources */,
				7E2229FCFB9E4096D4ED718C /* Embed Watch Content */,
				3563E45B5653390E978AE176 /* Embed Foundation Extensions */,
			);
			buildRules = (
			);
			dependencies = (
				7A247BE49BD626815EEDD7C0 /* PBXTargetDependency */,
				3AFDD94F8AC78B1F1894F7BD /* PBXTargetDependency */,
			);
			name = x2b;
			productName = x2b;
			productReference = E1FBDBE72D1DA50F006A5214 /* x2b.app */;
			productType = "com.apple.product-type.application";
		};
		83BE656FEBBEDF53F98C1151 /* X2B Watch App */ = {
			isa = PBXNativeTarget;
			buildConfigurationList = E9D35B8F4A5CD62CE8986F55 /* Build configuration list for PBXNativeTarget "X2B Watch App" */;
			buildPhases = (
				AA2DEB4223E194ACDAB104FB /* Sources */,
				4C93DD36AF9C9FB46C79F038 /* Frameworks */,
				E3B4D42CDBFA432B2F4C48C0 /* Resources */,
			);
			buildRules = (
			);
			dependencies = (
			);
			name = "X2B Watch App";
			productName = "X2B Watch App";
			productReference = E17446EC37C94AD9605DA7DA /* X2B Watch App.app */;
			productType = "com.apple.product-type.application";
		};
		D6A0520B552A0A8E1453612C /* X2BWidgetExtension */ = {
			isa = PBXNativeTarget;
			buildConfigurationList = 20890A6B79AA6B147C5AEA68 /* Build configuration list for PBXNativeTarget "X2BWidgetExtension" */;
			buildPhases = (
				18BDB159200CD001D2F80743 /* Sources */,
				88A337ECD431844AA8413A90 /* Frameworks */,
				59224D8A524657D72AC7792C /* Resources */,
			);
			buildRules = (
			);
			dependencies = (
			);
			name = X2BWidgetExtension;
			productName = X2BWidgetExtension;
			productReference = CAE6B93D956BD8E0E9573878 /* X2BWidgetExtension.appex */;
			productType = "com.apple.product-type.app-extension";
		};
		E1FBDBF62D1DA512006A5214 /* x2bTests */ = {
			isa = PBXNativeTarget;
			buildConfigurationList = E1FBDC0E2D1DA512006A5214 /* Build configuration list for PBXNativeTarget "x2bTests" */;
			buildPhases = (
				E1FBDBF32D1DA512006A5214 /* Sources */,
				E1FBDBF42D1DA512006A5214 /* Frameworks */,
				E1FBDBF52D1DA512006A5214 /* Resources */,
			);
			buildRules = (
			);
			dependencies = (
				E1FBDBF92D1DA512006A5214 /* PBXTargetDependency */,
			);
			name = x2bTests;
			productName = x2bTests;
			productReference = E1FBDBF72D1DA512006A5214 /* x2bTests.xctest */;
			productType = "com.apple.product-type.bundle.unit-test";
		};
		E1FBDC002D1DA512006A5214 /* x2bUITests */ = {
			isa = PBXNativeTarget;
			buildConfigurationList = E1FBDC112D1DA512006A5214 /* Build configuration list for PBXNativeTarget "x2bUITests" */;
			buildPhases = (
				E1FBDBFD2D1DA512006A5214 /* Sources */,
				E1FBDBFE2D1DA512006A5214 /* Frameworks */,
				E1FBDBFF2D1DA512006A5214 /* Resources */,
			);
			buildRules = (
			);
			dependencies = (
				E1FBDC032D1DA512006A5214 /* PBXTargetDependency */,
			);
			name = x2bUITests;
			productName = x2bUITests;
			productReference = E1FBDC012D1DA512006A5214 /* x2bUITests.xctest */;
			productType = "com.apple.product-type.bundle.ui-testing";
		};
/* End PBXNativeTarget section */

/* Begin PBXProject section */
		E1FBDBDF2D1DA50F006A5214 /* Project object */ = {
			isa = PBXProject;
			attributes = {
				BuildIndependentTargetsInParallel = 1;
				LastSwiftUpdateCheck = 1540;
				LastUpgradeCheck = 1540;
				TargetAttributes = {
					E1FBDBE62D1DA50F006A5214 = {
						CreatedOnToolsVersion = 15.4;
					};
					E1FBDBF62D1DA512006A5214 = {
						CreatedOnToolsVersion = 15.4;
						TestTargetID = E1FBDBE62D1DA50F006A5214;
					};
					E1FBDC002D1DA512006A5214 = {
						CreatedOnToolsVersion = 15.4;
						TestTargetID = E1FBDBE62D1DA50F006A5214;
					};
					83BE656FEBBEDF53F98C1151 = {
						CreatedOnToolsVersion = 15.4;
					};
					D6A0520B552A0A8E1453612C = {
						CreatedOnToolsVersion = 15.4;
					};
				};
			};
			buildConfigurationList = E1FBDBE22D1DA50F006A5214 /* Build configuration list for PBXProject "x2b" */;
			compatibilityVersion = "Xcode 14.0";
			developmentRegion = en;
			hasScannedForEncodings = 0;
			knownRegions = (
				en,
				Base,
			);
			mainGroup = E1FBDBDE2D1DA50F006A5214;
			productRefGroup = E1FBDBE82D1DA50F006A5214 /* Products */;
			projectDirPath = "";
			projectRoot = "";
			targets = (
				E1FBDBE62D1DA50F006A5214 /* x2b */,
				E1FBDBF62D1DA512006A5214 /* x2bTests */,
				E1FBDC002D1DA512006A5214 /* x2bUITests */,
				83BE656FEBBEDF53F98C1151 /* X2B Watch App */,
				D6A0520B552A0A8E1453612C /* X2BWidgetExtension */,
			);
		};
/* End PBXProject section */

/* Begin PBXResourcesBuildPhase section */
		E1FBDBE52D1DA50F006A5214 /* Resources */ = {
			isa = PBXResourcesBuildPhase;
			buildActionMask = 2147483647;
			files = (
				E1FBDBF22D1DA511006A5214 /* Preview Assets.xcassets in Resources */,
				E1FBDBEF2D1DA511006A5214 /* Assets.xcassets in Resources */,
			);
			runOnlyForDeploymentPostprocessing = 0;
		};
		E1FBDBF52D1DA512006A5214 /* Resources */ = {
			isa = PBXResourcesBuildPhase;
			buildActionMask = 2147483647;
			files = (
			);
			runOnlyForDeploymentPostprocessing = 0;
		};
		E1FBDBFF2D1DA512006A5214 /* Resources */ = {
			isa = PBXResourcesBuildPhase;
			buildActionMask = 2147483647;
			files = (
			);
			runOnlyForDeploymentPostprocessing = 0;
		};
		59224D8A524657D72AC7792C /* Resources */ = {
			isa = PBXResourcesBuildPhase;
			buildActionMask = 2147483647;
			files = (
			);
			runOnlyForDeploymentPostprocessing = 0;
		};
		E3B4D42CDBFA432B2F4C48C0 /* Resources */ = {
			isa = PBXResourcesBuildPhase;
			buildActionMask = 2147483647;
			files = (
			);
			runOnlyForDeploymentPostprocessing = 0;
		};
/* End PBXResourcesBuildPhase section */

/* Begin PBXSourcesBuildPhase section */
		E1FBDBE32D1DA50F006A5214 /* Sources */ = {
			isa = PBXSourcesBuildPhase;
			buildActionMask = 2147483647;
			files = (
				E1FBDBED2D1DA50F006A5214 /* ContentView.swift in Sources */,
				E1FBDBEB2D1DA50F006A5214 /* x2bApp.swift in Sources */,
				5E0C635FCED6EB6531B7E1E7 /* Connection.swift in Sources */,
				CD26D23AF34F0B223E9D2A41 /* ConnectionStore.swift in Sources */,
				EAA3D90CF104D5742F6F9A51 /* URLNormalizer.swift in Sources */,
				083346B7221BD1358F4F98B7 /* AppConfigService.swift in Sources */,
				0CBD49345A0FD0808FCCC03B /* PushTokenService.swift in Sources */,
				4F1ABC832D841CFC2CF1B677 /* X2BWebView.swift in Sources */,
				0F35572103235E6ABEA2993A /* MainView.swift in Sources */,
				38DEDCC25DDE26BB34E68654 /* SettingsView.swift in Sources */,
				D4C80D414AAE76DA3AE622FF /* ConnectionEditView.swift in Sources */,
				8A74CAFE6C3928641189959B /* ForcedUpdateView.swift in Sources */,
				A613722E2B23728415BCF87D /* PushManager.swift in Sources */,
				72CEA7D2D463C39DBC440532 /* AppDelegate.swift in Sources */,
				0366A97494144E9473F90A13 /* DeviceIdentity.swift in Sources */,
				08AE6ED754FE893146DB87B3 /* ThreeFingerTapObserver.swift in Sources */,
				F9C9BDE49CD4D4CF7534C79E /* Color+Hex.swift in Sources */,
				DA314368076ADE9EABCF148C /* AppVersionChecker.swift in Sources */,
				0E2D3EA1D5FF3E6FB4E34059 /* UIApplication+SafeArea.swift in Sources */,
				DFFE8BFEAB51D1F0AB0ACA78 /* CarPlayEntityStore.swift in Sources */,
				27EB7E76A3BA6FC13C04CD68 /* CarPlayPreviewView.swift in Sources */,
				6D49DFB8BEA3A4004C4D5558 /* CarPlaySceneDelegate.swift in Sources */,
				96FB36CFF6B3CDAFF64E8063 /* X2BControl.swift in Sources */,
				B5245823590250441F5E6577 /* X2BWSSMessage.swift in Sources */,
				E9CFFBD29A44A612E73DE3EC /* WebViewCookies.swift in Sources */,
				76EFF4641E7D6D98C2FDEBA7 /* X2BWebSocketClient.swift in Sources */,
				D1AA9670AC645A4EEEC8352A /* CarPlaySlot.swift in Sources */,
				771E3A1C875A21B212F0D1D8 /* CarPlaySlotsAssignmentView.swift in Sources */,
				4AB7809774805FE2B6A56312 /* PhoneWatchConnector.swift in Sources */,
				E33307FDA68114E1E5ECF602 /* WatchSlotState.swift in Sources */,
				D26A5E0156770AE1946B3871 /* WatchSlotsAssignmentView.swift in Sources */,
				324B854A841163AFCDB59C63 /* LocationSwitchManager.swift in Sources */,
				5AD2320E593EAF5A0A31C506 /* ConnectionLocationView.swift in Sources */,
				9ED6F2263197E32184F93544 /* BoxSettingsView.swift in Sources */,
				637EBA1B469B6A966632802E /* DebugLog.swift in Sources */,
				1529F8CEB462FD98BD105E18 /* WidgetShared.swift in Sources */,
				E8353C69A0304F5DA0E8279A /* WidgetBridge.swift in Sources */,
			);
			runOnlyForDeploymentPostprocessing = 0;
		};
		AA2DEB4223E194ACDAB104FB /* Sources */ = {
			isa = PBXSourcesBuildPhase;
			buildActionMask = 2147483647;
			files = (
				2BF991C2044C4AE70E189F8A /* X2BWatchApp.swift in Sources */,
				4652E35A478363BB208880C0 /* WatchContentView.swift in Sources */,
				300B805A64B8A2BCDFF407BA /* WatchConnector.swift in Sources */,
				2760FECA9BB3AF06B5544168 /* WatchSlotState.swift in Sources */,
			);
			runOnlyForDeploymentPostprocessing = 0;
		};
		E1FBDBF32D1DA512006A5214 /* Sources */ = {
			isa = PBXSourcesBuildPhase;
			buildActionMask = 2147483647;
			files = (
				E1FBDBFC2D1DA512006A5214 /* x2bTests.swift in Sources */,
			);
			runOnlyForDeploymentPostprocessing = 0;
		};
		E1FBDBFD2D1DA512006A5214 /* Sources */ = {
			isa = PBXSourcesBuildPhase;
			buildActionMask = 2147483647;
			files = (
				E1FBDC062D1DA512006A5214 /* x2bUITests.swift in Sources */,
				E1FBDC082D1DA512006A5214 /* x2bUITestsLaunchTests.swift in Sources */,
			);
			runOnlyForDeploymentPostprocessing = 0;
		};
		18BDB159200CD001D2F80743 /* Sources */ = {
			isa = PBXSourcesBuildPhase;
			buildActionMask = 2147483647;
			files = (
				08909A3E88432BE172886EDA /* X2BWidgetBundle.swift in Sources */,
				76F9B470529E8A8F79B6E9DE /* X2BWidget.swift in Sources */,
				DEC0EE79404B20C0A00E3E47 /* ToggleControlIntent.swift in Sources */,
				2EA8031D521765FF22DBF2A9 /* WidgetShared.swift in Sources */,
				7408EB22376C376B6718D8D5 /* X2BControl.swift in Sources */,
				BDAF2B346CB4846B4180A04E /* CarPlaySlot.swift in Sources */,
				C2C61D6A76B996E420924716 /* X2BWSSMessage.swift in Sources */,
				3E0B1A06306307D2D228365D /* X2BWebSocketClient.swift in Sources */,
				F97F667084030090A92AF429 /* WebViewCookies.swift in Sources */,
			);
			runOnlyForDeploymentPostprocessing = 0;
		};
/* End PBXSourcesBuildPhase section */

/* Begin PBXTargetDependency section */
		E1FBDBF92D1DA512006A5214 /* PBXTargetDependency */ = {
			isa = PBXTargetDependency;
			target = E1FBDBE62D1DA50F006A5214 /* x2b */;
			targetProxy = E1FBDBF82D1DA512006A5214 /* PBXContainerItemProxy */;
		};
		E1FBDC032D1DA512006A5214 /* PBXTargetDependency */ = {
			isa = PBXTargetDependency;
			target = E1FBDBE62D1DA50F006A5214 /* x2b */;
			targetProxy = E1FBDC022D1DA512006A5214 /* PBXContainerItemProxy */;
		};
		7A247BE49BD626815EEDD7C0 /* PBXTargetDependency */ = {
			isa = PBXTargetDependency;
			target = 83BE656FEBBEDF53F98C1151 /* X2B Watch App */;
			targetProxy = BA2005BD2C710A740B3CF1E8 /* PBXContainerItemProxy */;
		};
		3AFDD94F8AC78B1F1894F7BD /* PBXTargetDependency */ = {
			isa = PBXTargetDependency;
			target = D6A0520B552A0A8E1453612C /* X2BWidgetExtension */;
			targetProxy = 7DCD33D6E28B79AC019693F6 /* PBXContainerItemProxy */;
		};
/* End PBXTargetDependency section */

/* Begin XCBuildConfiguration section */
		E1FBDC092D1DA512006A5214 /* Debug */ = {
			isa = XCBuildConfiguration;
			buildSettings = {
				ALWAYS_SEARCH_USER_PATHS = NO;
				ASSETCATALOG_COMPILER_GENERATE_SWIFT_ASSET_SYMBOL_EXTENSIONS = YES;
				CLANG_ANALYZER_NONNULL = YES;
				CLANG_ANALYZER_NUMBER_OBJECT_CONVERSION = YES_AGGRESSIVE;
				CLANG_CXX_LANGUAGE_STANDARD = "gnu++20";
				CLANG_ENABLE_MODULES = YES;
				CLANG_ENABLE_OBJC_ARC = YES;
				CLANG_ENABLE_OBJC_WEAK = YES;
				CLANG_WARN_BLOCK_CAPTURE_AUTORELEASING = YES;
				CLANG_WARN_BOOL_CONVERSION = YES;
				CLANG_WARN_COMMA = YES;
				CLANG_WARN_CONSTANT_CONVERSION = YES;
				CLANG_WARN_DEPRECATED_OBJC_IMPLEMENTATIONS = YES;
				CLANG_WARN_DIRECT_OBJC_ISA_USAGE = YES_ERROR;
				CLANG_WARN_DOCUMENTATION_COMMENTS = YES;
				CLANG_WARN_EMPTY_BODY = YES;
				CLANG_WARN_ENUM_CONVERSION = YES;
				CLANG_WARN_INFINITE_RECURSION = YES;
				CLANG_WARN_INT_CONVERSION = YES;
				CLANG_WARN_NON_LITERAL_NULL_CONVERSION = YES;
				CLANG_WARN_OBJC_IMPLICIT_RETAIN_SELF = YES;
				CLANG_WARN_OBJC_LITERAL_CONVERSION = YES;
				CLANG_WARN_OBJC_ROOT_CLASS = YES_ERROR;
				CLANG_WARN_QUOTED_INCLUDE_IN_FRAMEWORK_HEADER = YES;
				CLANG_WARN_RANGE_LOOP_ANALYSIS = YES;
				CLANG_WARN_STRICT_PROTOTYPES = YES;
				CLANG_WARN_SUSPICIOUS_MOVE = YES;
				CLANG_WARN_UNGUARDED_AVAILABILITY = YES_AGGRESSIVE;
				CLANG_WARN_UNREACHABLE_CODE = YES;
				CLANG_WARN__DUPLICATE_METHOD_MATCH = YES;
				COPY_PHASE_STRIP = NO;
				DEBUG_INFORMATION_FORMAT = dwarf;
				ENABLE_STRICT_OBJC_MSGSEND = YES;
				ENABLE_TESTABILITY = YES;
				ENABLE_USER_SCRIPT_SANDBOXING = YES;
				GCC_C_LANGUAGE_STANDARD = gnu17;
				GCC_DYNAMIC_NO_PIC = NO;
				GCC_NO_COMMON_BLOCKS = YES;
				GCC_OPTIMIZATION_LEVEL = 0;
				GCC_PREPROCESSOR_DEFINITIONS = (
					"DEBUG=1",
					"$(inherited)",
				);
				GCC_WARN_64_TO_32_BIT_CONVERSION = YES;
				GCC_WARN_ABOUT_RETURN_TYPE = YES_ERROR;
				GCC_WARN_UNDECLARED_SELECTOR = YES;
				GCC_WARN_UNINITIALIZED_AUTOS = YES_AGGRESSIVE;
				GCC_WARN_UNUSED_FUNCTION = YES;
				GCC_WARN_UNUSED_VARIABLE = YES;
				IPHONEOS_DEPLOYMENT_TARGET = 17.5;
				LOCALIZATION_PREFERS_STRING_CATALOGS = YES;
				MTL_ENABLE_DEBUG_INFO = INCLUDE_SOURCE;
				MTL_FAST_MATH = YES;
				ONLY_ACTIVE_ARCH = YES;
				SDKROOT = iphoneos;
				SWIFT_ACTIVE_COMPILATION_CONDITIONS = "DEBUG $(inherited)";
				SWIFT_OPTIMIZATION_LEVEL = "-Onone";
			};
			name = Debug;
		};
		E1FBDC0A2D1DA512006A5214 /* Release */ = {
			isa = XCBuildConfiguration;
			buildSettings = {
				ALWAYS_SEARCH_USER_PATHS = NO;
				ASSETCATALOG_COMPILER_GENERATE_SWIFT_ASSET_SYMBOL_EXTENSIONS = YES;
				CLANG_ANALYZER_NONNULL = YES;
				CLANG_ANALYZER_NUMBER_OBJECT_CONVERSION = YES_AGGRESSIVE;
				CLANG_CXX_LANGUAGE_STANDARD = "gnu++20";
				CLANG_ENABLE_MODULES = YES;
				CLANG_ENABLE_OBJC_ARC = YES;
				CLANG_ENABLE_OBJC_WEAK = YES;
				CLANG_WARN_BLOCK_CAPTURE_AUTORELEASING = YES;
				CLANG_WARN_BOOL_CONVERSION = YES;
				CLANG_WARN_COMMA = YES;
				CLANG_WARN_CONSTANT_CONVERSION = YES;
				CLANG_WARN_DEPRECATED_OBJC_IMPLEMENTATIONS = YES;
				CLANG_WARN_DIRECT_OBJC_ISA_USAGE = YES_ERROR;
				CLANG_WARN_DOCUMENTATION_COMMENTS = YES;
				CLANG_WARN_EMPTY_BODY = YES;
				CLANG_WARN_ENUM_CONVERSION = YES;
				CLANG_WARN_INFINITE_RECURSION = YES;
				CLANG_WARN_INT_CONVERSION = YES;
				CLANG_WARN_NON_LITERAL_NULL_CONVERSION = YES;
				CLANG_WARN_OBJC_IMPLICIT_RETAIN_SELF = YES;
				CLANG_WARN_OBJC_LITERAL_CONVERSION = YES;
				CLANG_WARN_OBJC_ROOT_CLASS = YES_ERROR;
				CLANG_WARN_QUOTED_INCLUDE_IN_FRAMEWORK_HEADER = YES;
				CLANG_WARN_RANGE_LOOP_ANALYSIS = YES;
				CLANG_WARN_STRICT_PROTOTYPES = YES;
				CLANG_WARN_SUSPICIOUS_MOVE = YES;
				CLANG_WARN_UNGUARDED_AVAILABILITY = YES_AGGRESSIVE;
				CLANG_WARN_UNREACHABLE_CODE = YES;
				CLANG_WARN__DUPLICATE_METHOD_MATCH = YES;
				COPY_PHASE_STRIP = NO;
				DEBUG_INFORMATION_FORMAT = "dwarf-with-dsym";
				ENABLE_NS_ASSERTIONS = NO;
				ENABLE_STRICT_OBJC_MSGSEND = YES;
				ENABLE_USER_SCRIPT_SANDBOXING = YES;
				GCC_C_LANGUAGE_STANDARD = gnu17;
				GCC_NO_COMMON_BLOCKS = YES;
				GCC_WARN_64_TO_32_BIT_CONVERSION = YES;
				GCC_WARN_ABOUT_RETURN_TYPE = YES_ERROR;
				GCC_WARN_UNDECLARED_SELECTOR = YES;
				GCC_WARN_UNINITIALIZED_AUTOS = YES_AGGRESSIVE;
				GCC_WARN_UNUSED_FUNCTION = YES;
				GCC_WARN_UNUSED_VARIABLE = YES;
				IPHONEOS_DEPLOYMENT_TARGET = 17.5;
				LOCALIZATION_PREFERS_STRING_CATALOGS = YES;
				MTL_ENABLE_DEBUG_INFO = NO;
				MTL_FAST_MATH = YES;
				SDKROOT = iphoneos;
				SWIFT_COMPILATION_MODE = wholemodule;
				VALIDATE_PRODUCT = YES;
			};
			name = Release;
		};
		E1FBDC0C2D1DA512006A5214 /* Debug */ = {
			isa = XCBuildConfiguration;
			buildSettings = {
				ASSETCATALOG_COMPILER_APPICON_NAME = AppIcon;
				ASSETCATALOG_COMPILER_GLOBAL_ACCENT_COLOR_NAME = AccentColor;
				CODE_SIGN_ENTITLEMENTS = x2b/x2b.entitlements;
				CODE_SIGN_STYLE = Automatic;
				CURRENT_PROJECT_VERSION = 1;
				DEVELOPMENT_ASSET_PATHS = "\"x2b/Preview Content\"";
				DEVELOPMENT_TEAM = 62LZW2UPSK;
				ENABLE_PREVIEWS = YES;
				INFOPLIST_FILE = x2b/Info.plist;
				LD_RUNPATH_SEARCH_PATHS = (
					"$(inherited)",
					"@executable_path/Frameworks",
				);
				MARKETING_VERSION = 2.0.5;
				PRODUCT_BUNDLE_IDENTIFIER = energy.inno.x2b;
				PRODUCT_NAME = "$(TARGET_NAME)";
				SWIFT_EMIT_LOC_STRINGS = YES;
				SWIFT_VERSION = 5.0;
				TARGETED_DEVICE_FAMILY = "1,2";
			};
			name = Debug;
		};
		E1FBDC0D2D1DA512006A5214 /* Release */ = {
			isa = XCBuildConfiguration;
			buildSettings = {
				ASSETCATALOG_COMPILER_APPICON_NAME = AppIcon;
				ASSETCATALOG_COMPILER_GLOBAL_ACCENT_COLOR_NAME = AccentColor;
				CODE_SIGN_ENTITLEMENTS = x2b/x2b.entitlements;
				CODE_SIGN_STYLE = Automatic;
				CURRENT_PROJECT_VERSION = 1;
				DEVELOPMENT_ASSET_PATHS = "\"x2b/Preview Content\"";
				DEVELOPMENT_TEAM = 62LZW2UPSK;
				ENABLE_PREVIEWS = YES;
				INFOPLIST_FILE = x2b/Info.plist;
				LD_RUNPATH_SEARCH_PATHS = (
					"$(inherited)",
					"@executable_path/Frameworks",
				);
				MARKETING_VERSION = 2.0.5;
				PRODUCT_BUNDLE_IDENTIFIER = energy.inno.x2b;
				PRODUCT_NAME = "$(TARGET_NAME)";
				SWIFT_EMIT_LOC_STRINGS = YES;
				SWIFT_VERSION = 5.0;
				TARGETED_DEVICE_FAMILY = "1,2";
			};
			name = Release;
		};
		E1FBDC0F2D1DA512006A5214 /* Debug */ = {
			isa = XCBuildConfiguration;
			buildSettings = {
				ALWAYS_EMBED_SWIFT_STANDARD_LIBRARIES = YES;
				BUNDLE_LOADER = "$(TEST_HOST)";
				CODE_SIGN_STYLE = Automatic;
				CURRENT_PROJECT_VERSION = 1;
				DEVELOPMENT_TEAM = 62LZW2UPSK;
				GENERATE_INFOPLIST_FILE = YES;
				IPHONEOS_DEPLOYMENT_TARGET = 17.5;
				MARKETING_VERSION = 1.0;
				PRODUCT_BUNDLE_IDENTIFIER = energy.inno.x2bTests;
				PRODUCT_NAME = "$(TARGET_NAME)";
				SWIFT_EMIT_LOC_STRINGS = NO;
				SWIFT_VERSION = 5.0;
				TARGETED_DEVICE_FAMILY = "1,2";
				TEST_HOST = "$(BUILT_PRODUCTS_DIR)/x2b.app/$(BUNDLE_EXECUTABLE_FOLDER_PATH)/x2b";
			};
			name = Debug;
		};
		E1FBDC102D1DA512006A5214 /* Release */ = {
			isa = XCBuildConfiguration;
			buildSettings = {
				ALWAYS_EMBED_SWIFT_STANDARD_LIBRARIES = YES;
				BUNDLE_LOADER = "$(TEST_HOST)";
				CODE_SIGN_STYLE = Automatic;
				CURRENT_PROJECT_VERSION = 1;
				DEVELOPMENT_TEAM = 62LZW2UPSK;
				GENERATE_INFOPLIST_FILE = YES;
				IPHONEOS_DEPLOYMENT_TARGET = 17.5;
				MARKETING_VERSION = 1.0;
				PRODUCT_BUNDLE_IDENTIFIER = energy.inno.x2bTests;
				PRODUCT_NAME = "$(TARGET_NAME)";
				SWIFT_EMIT_LOC_STRINGS = NO;
				SWIFT_VERSION = 5.0;
				TARGETED_DEVICE_FAMILY = "1,2";
				TEST_HOST = "$(BUILT_PRODUCTS_DIR)/x2b.app/$(BUNDLE_EXECUTABLE_FOLDER_PATH)/x2b";
			};
			name = Release;
		};
		E1FBDC122D1DA512006A5214 /* Debug */ = {
			isa = XCBuildConfiguration;
			buildSettings = {
				ALWAYS_EMBED_SWIFT_STANDARD_LIBRARIES = YES;
				CODE_SIGN_STYLE = Automatic;
				CURRENT_PROJECT_VERSION = 1;
				DEVELOPMENT_TEAM = 62LZW2UPSK;
				GENERATE_INFOPLIST_FILE = YES;
				MARKETING_VERSION = 1.0;
				PRODUCT_BUNDLE_IDENTIFIER = energy.inno.x2bUITests;
				PRODUCT_NAME = "$(TARGET_NAME)";
				SWIFT_EMIT_LOC_STRINGS = NO;
				SWIFT_VERSION = 5.0;
				TARGETED_DEVICE_FAMILY = "1,2";
				TEST_TARGET_NAME = x2b;
			};
			name = Debug;
		};
		E1FBDC132D1DA512006A5214 /* Release */ = {
			isa = XCBuildConfiguration;
			buildSettings = {
				ALWAYS_EMBED_SWIFT_STANDARD_LIBRARIES = YES;
				CODE_SIGN_STYLE = Automatic;
				CURRENT_PROJECT_VERSION = 1;
				DEVELOPMENT_TEAM = 62LZW2UPSK;
				GENERATE_INFOPLIST_FILE = YES;
				MARKETING_VERSION = 1.0;
				PRODUCT_BUNDLE_IDENTIFIER = energy.inno.x2bUITests;
				PRODUCT_NAME = "$(TARGET_NAME)";
				SWIFT_EMIT_LOC_STRINGS = NO;
				SWIFT_VERSION = 5.0;
				TARGETED_DEVICE_FAMILY = "1,2";
				TEST_TARGET_NAME = x2b;
			};
			name = Release;
		};
		21F50AF9ECCA5E5BEEEE3DE6 /* Debug */ = {
			isa = XCBuildConfiguration;
			buildSettings = {
				ASSETCATALOG_COMPILER_GLOBAL_ACCENT_COLOR_NAME = AccentColor;
				CODE_SIGN_STYLE = Automatic;
				CURRENT_PROJECT_VERSION = 1;
				DEVELOPMENT_TEAM = 62LZW2UPSK;
				INFOPLIST_FILE = "X2B Watch App/Info.plist";
				MARKETING_VERSION = 1.0;
				PRODUCT_BUNDLE_IDENTIFIER = energy.inno.x2b.watchkitapp;
				PRODUCT_NAME = "$(TARGET_NAME)";
				SDKROOT = watchos;
				SKIP_INSTALL = YES;
				SWIFT_EMIT_LOC_STRINGS = YES;
				SWIFT_VERSION = 5.0;
				TARGETED_DEVICE_FAMILY = 4;
				WATCHOS_DEPLOYMENT_TARGET = 10.0;
			};
			name = Debug;
		};
		704B81DAC82B913CC6C2D899 /* Release */ = {
			isa = XCBuildConfiguration;
			buildSettings = {
				ASSETCATALOG_COMPILER_GLOBAL_ACCENT_COLOR_NAME = AccentColor;
				CODE_SIGN_STYLE = Automatic;
				CURRENT_PROJECT_VERSION = 1;
				DEVELOPMENT_TEAM = 62LZW2UPSK;
				INFOPLIST_FILE = "X2B Watch App/Info.plist";
				MARKETING_VERSION = 1.0;
				PRODUCT_BUNDLE_IDENTIFIER = energy.inno.x2b.watchkitapp;
				PRODUCT_NAME = "$(TARGET_NAME)";
				SDKROOT = watchos;
				SKIP_INSTALL = YES;
				SWIFT_VERSION = 5.0;
				TARGETED_DEVICE_FAMILY = 4;
				WATCHOS_DEPLOYMENT_TARGET = 10.0;
			};
			name = Release;
		};
		C5CBBABDD011F0BEA49DE895 /* Debug */ = {
			isa = XCBuildConfiguration;
			buildSettings = {
				CODE_SIGN_ENTITLEMENTS = X2BWidget/X2BWidget.entitlements;
				CODE_SIGN_STYLE = Automatic;
				CURRENT_PROJECT_VERSION = 1;
				DEVELOPMENT_TEAM = 62LZW2UPSK;
				INFOPLIST_FILE = X2BWidget/Info.plist;
				MARKETING_VERSION = 1.0;
				PRODUCT_BUNDLE_IDENTIFIER = energy.inno.x2b.widget;
				PRODUCT_NAME = "$(TARGET_NAME)";
				SKIP_INSTALL = YES;
				SWIFT_EMIT_LOC_STRINGS = YES;
				SWIFT_VERSION = 5.0;
				TARGETED_DEVICE_FAMILY = "1,2";
			};
			name = Debug;
		};
		8525995F9807F05C9FFEB50F /* Release */ = {
			isa = XCBuildConfiguration;
			buildSettings = {
				CODE_SIGN_ENTITLEMENTS = X2BWidget/X2BWidget.entitlements;
				CODE_SIGN_STYLE = Automatic;
				CURRENT_PROJECT_VERSION = 1;
				DEVELOPMENT_TEAM = 62LZW2UPSK;
				INFOPLIST_FILE = X2BWidget/Info.plist;
				MARKETING_VERSION = 1.0;
				PRODUCT_BUNDLE_IDENTIFIER = energy.inno.x2b.widget;
				PRODUCT_NAME = "$(TARGET_NAME)";
				SKIP_INSTALL = YES;
				SWIFT_VERSION = 5.0;
				TARGETED_DEVICE_FAMILY = "1,2";
			};
			name = Release;
		};
/* End XCBuildConfiguration section */

/* Begin XCConfigurationList section */
		E1FBDBE22D1DA50F006A5214 /* Build configuration list for PBXProject "x2b" */ = {
			isa = XCConfigurationList;
			buildConfigurations = (
				E1FBDC092D1DA512006A5214 /* Debug */,
				E1FBDC0A2D1DA512006A5214 /* Release */,
			);
			defaultConfigurationIsVisible = 0;
			defaultConfigurationName = Release;
		};
		E1FBDC0B2D1DA512006A5214 /* Build configuration list for PBXNativeTarget "x2b" */ = {
			isa = XCConfigurationList;
			buildConfigurations = (
				E1FBDC0C2D1DA512006A5214 /* Debug */,
				E1FBDC0D2D1DA512006A5214 /* Release */,
			);
			defaultConfigurationIsVisible = 0;
			defaultConfigurationName = Release;
		};
		E1FBDC0E2D1DA512006A5214 /* Build configuration list for PBXNativeTarget "x2bTests" */ = {
			isa = XCConfigurationList;
			buildConfigurations = (
				E1FBDC0F2D1DA512006A5214 /* Debug */,
				E1FBDC102D1DA512006A5214 /* Release */,
			);
			defaultConfigurationIsVisible = 0;
			defaultConfigurationName = Release;
		};
		E1FBDC112D1DA512006A5214 /* Build configuration list for PBXNativeTarget "x2bUITests" */ = {
			isa = XCConfigurationList;
			buildConfigurations = (
				E1FBDC122D1DA512006A5214 /* Debug */,
				E1FBDC132D1DA512006A5214 /* Release */,
			);
			defaultConfigurationIsVisible = 0;
			defaultConfigurationName = Release;
		};
		E9D35B8F4A5CD62CE8986F55 /* Build configuration list for PBXNativeTarget "X2B Watch App" */ = {
			isa = XCConfigurationList;
			buildConfigurations = (
				21F50AF9ECCA5E5BEEEE3DE6 /* Debug */,
				704B81DAC82B913CC6C2D899 /* Release */,
			);
			defaultConfigurationIsVisible = 0;
			defaultConfigurationName = Release;
		};
		20890A6B79AA6B147C5AEA68 /* Build configuration list for PBXNativeTarget "X2BWidgetExtension" */ = {
			isa = XCConfigurationList;
			buildConfigurations = (
				C5CBBABDD011F0BEA49DE895 /* Debug */,
				8525995F9807F05C9FFEB50F /* Release */,
			);
			defaultConfigurationIsVisible = 0;
			defaultConfigurationName = Release;
		};
/* End XCConfigurationList section */
	};
	rootObject = E1FBDBDF2D1DA50F006A5214 /* Project object */;
}
